
Microsoft Visual Studio Solution File, Format Version 12.00
# Visual Studio Version 17
VisualStudioVersion = 17.14.37411.7 d17.14
MinimumVisualStudioVersion = 10.0.40219.1
Project("{FAE04EC0-301F-11D3-BF4B-00C04F79EFBC}") = "Automated Railway System", "Automated Railway System\Automated Railway System.csproj", "{B4B18190-FB4F-468D-AAF1-04F83B6129E0}"
EndProject
Global
	GlobalSection(SolutionConfigurationPlatforms) = preSolution
		Debug|Any CPU = Debug|Any CPU
		Release|Any CPU = Release|Any CPU
	EndGlobalSection
	GlobalSection(ProjectConfigurationPlatforms) = postSolution
		{B4B18190-FB4F-468D-AAF1-04F83B6129E0}.Debug|Any CPU.ActiveCfg = Debug|Any CPU
		{B4B18190-FB4F-468D-AAF1-04F83B6129E0}.Debug|Any CPU.Build.0 = Debug|Any CPU
		{B4B18190-FB4F-468D-AAF1-04F83B6129E0}.Release|Any CPU.ActiveCfg = Release|Any CPU
		{B4B18190-FB4F-468D-AAF1-04F83B6129E0}.Release|Any CPU.Build.0 = Release|Any CPU
	EndGlobalSection
	GlobalSection(SolutionProperties) = preSolution
		HideSolutionNode = FALSE
	EndGlobalSection
	GlobalSection(ExtensibilityGlobals) = postSolution
		SolutionGuid = {571BDC8E-73A4-488D-A604-A3D40AC2512F}
	EndGlobalSection
EndGlobal
